Mirror in progress since Mon, 07 Dec 2020 15:48:24 .. please wait!
winhttrack -qiC1%Pns0u1%s%uN100%I0p3DaK0c16J999998H0%kf2A999999#L10000000%f#f -F "Mozilla/4.5 (compatible; HTTrack 3.0x; Windows 98)" -%F "<!-- Mirrored from %s%s by HTTrack Website Copier/3.x [XR&CO'2014], %s -->" -%l "en, *" http://www.tekkenzaibatsu.com/ -O1 ""H:\Different\My Web Sites\WinHTTrack\TekkenZaibatsu\TekkenZaibatsu"" +*.png +*.gif +*.jpg +*.jpeg +*.css +*.js -ad.doubleclick.net/* -mime:application/foobar -*/editpost.php?action=editpost&postid=* -*/event.php?action=* -*/forumdisplay.php?action=markread&forumid=* -*/forumdisplay.php?s=* -*/member.php?action=getinfo&find=lastposter&forumid=* -*/member.php?action=mailform&userid=* -*/member.php?s=*&action=editavatar* -*/member.php?s=*&action=getinfo&userid=* -*/member2.php?action=addlist&userlist=buddy&userid=* -*/member2.php?action=addlist&userlist=buddy&userid=* -*/member2.php?action=addlist&userlist=ignore&userid=* -*/member2.php?action=addsubscription&forumid=* -*/member2.php?action=addsubscription&threadid=* -*/member2.php?action=removesubscription&forumid=* -*/member2.php?action=removesubscription&threadid=* -*/newreply.php?action=newreply&postid=* -*/newreply.php?action=newreply&threadid=* -*/newreply.php?action=newreply* -*/newthread.php?action=newthread&forumid=* -*/online.php/* -*/postings.php?action=getip&postid=* -*/printthread.php?threadid=* -*/private.php?action=* -*/private2.php?action=choosebuddies* -*/register.php* -*/search.php?* -*/showthread.php?postid=* -*/showthread.php?action=showpost&postid=* -*/showthread.php?goto=lastpost&forumid=* +*/member.php?action=getinfo&userid=* +*/showthread.php?threadid=* +*/forumdisplay.php?forumid=* -*wiki/Special:Random -*wikimedia/index.php?title=*&action=edit -%! 
To pause the engine: create an empty file named 'hts-stop.lock'
PID=10132
START=1607348904
